// !$*UTF8*$!
{
	archiveVersion = 1;
	classes = {
	};
	objectVersion = 56;
	objects = {

/* Begin PBXBuildFile section */
		E425B8D22ABC035200776F46 /* DataOperation.swift in Sources */ = {isa = PBXBuildFile; fileRef = E425B8D12ABC035200776F46 /* DataOperation.swift */; };
		E425B8E72ABC27E500776F46 /* NetworkExtension.framework in Frameworks */ = {isa = PBXBuildFile; fileRef = E425B8E62ABC27E500776F46 /* NetworkExtension.framework */; };
		E425B8EA2ABC27E500776F46 /* PacketTunnelProvider.swift in Sources */ = {isa = PBXBuildFile; fileRef = E425B8E92ABC27E500776F46 /* PacketTunnelProvider.swift */; };
		E425B8EF2ABC27E500776F46 /* PacketTunnel.appex in Embed Foundation Extensions */ = {isa = PBXBuildFile; fileRef = E425B8E42ABC27E500776F46 /* PacketTunnel.appex */; settings = {ATTRIBUTES = (RemoveHeadersOnCopy, ); }; };
		E427B1182AC1BD7500F2D715 /* Profile.swift in Sources */ = {isa = PBXBuildFile; fileRef = E427B1172AC1BD7500F2D715 /* Profile.swift */; };
		E427B11D2AC1DC1900F2D715 /* NIO in Frameworks */ = {isa = PBXBuildFile; productRef = E427B11C2AC1DC1900F2D715 /* NIO */; };
		E427B11F2AC1DC1900F2D715 /* NIOHTTP1 in Frameworks */ = {isa = PBXBuildFile; productRef = E427B11E2AC1DC1900F2D715 /* NIOHTTP1 */; };
		E427B1232AC1E09B00F2D715 /* NIOCore in Frameworks */ = {isa = PBXBuildFile; productRef = E427B1222AC1E09B00F2D715 /* NIOCore */; };
		E427B1252AC1E0A200F2D715 /* NIOPosix in Frameworks */ = {isa = PBXBuildFile; productRef = E427B1242AC1E0A200F2D715 /* NIOPosix */; };
		E42FB9392ABB2D2200670B6C /* MudmouthApp.swift in Sources */ = {isa = PBXBuildFile; fileRef = E42FB9382ABB2D2200670B6C /* MudmouthApp.swift */; };
		E42FB93B2ABB2D2200670B6C /* Persistence.swift in Sources */ = {isa = PBXBuildFile; fileRef = E42FB93A2ABB2D2200670B6C /* Persistence.swift */; };
		E42FB93E2ABB2D2200670B6C /* Mudmouth.xcdatamodeld in Sources */ = {isa = PBXBuildFile; fileRef = E42FB93C2ABB2D2200670B6C /* Mudmouth.xcdatamodeld */; };
		E42FB9402ABB2D2200670B6C /* ContentView.swift in Sources */ = {isa = PBXBuildFile; fileRef = E42FB93F2ABB2D2200670B6C /* ContentView.swift */; };
		E42FB9422ABB2D2400670B6C /* Assets.xcassets in Resources */ = {isa = PBXBuildFile; fileRef = E42FB9412ABB2D2400670B6C /* Assets.xcassets */; };
		E42FB9462ABB2D2400670B6C /* Preview Assets.xcassets in Resources */ = {isa = PBXBuildFile; fileRef = E42FB9452ABB2D2400670B6C /* Preview Assets.xcassets */; };
		E4662E542AC5C362008B535D /* CertificateView.swift in Sources */ = {isa = PBXBuildFile; fileRef = E4662E532AC5C362008B535D /* CertificateView.swift */; };
		E4662E5A2AC5D568008B535D /* X509 in Frameworks */ = {isa = PBXBuildFile; productRef = E4662E592AC5D568008B535D /* X509 */; };
		E4662E5E2AC6EC13008B535D /* Certificate.swift in Sources */ = {isa = PBXBuildFile; fileRef = E4662E5D2AC6EC13008B535D /* Certificate.swift */; };
		E4662E602AC6EE10008B535D /* String.swift in Sources */ = {isa = PBXBuildFile; fileRef = E4662E5F2AC6EE10008B535D /* String.swift */; };
		E4662E622AC71D5C008B535D /* NIOHTTP1 in Frameworks */ = {isa = PBXBuildFile; productRef = E4662E612AC71D5C008B535D /* NIOHTTP1 */; };
		E4662E642AC71DBA008B535D /* CertificateServer.swift in Sources */ = {isa = PBXBuildFile; fileRef = E4662E632AC71DBA008B535D /* CertificateServer.swift */; };
		E4662E662AC72676008B535D /* VPN.swift in Sources */ = {isa = PBXBuildFile; fileRef = E4662E652AC72676008B535D /* VPN.swift */; };
		E4662E682AC7270E008B535D /* Notification.swift in Sources */ = {isa = PBXBuildFile; fileRef = E4662E672AC7270E008B535D /* Notification.swift */; };
		E4662E6B2AC72C1D008B535D /* Server.swift in Sources */ = {isa = PBXBuildFile; fileRef = E4662E6A2AC72C1D008B535D /* Server.swift */; };
		E4662E842AC80FA0008B535D /* NIOSSL in Frameworks */ = {isa = PBXBuildFile; productRef = E4662E832AC80FA0008B535D /* NIOSSL */; };
		E4662E892AC867DC008B535D /* Notification.swift in Sources */ = {isa = PBXBuildFile; fileRef = E4662E882AC867DC008B535D /* Notification.swift */; };
		E4662E8D2AC95A27008B535D /* HTTPHeaders.swift in Sources */ = {isa = PBXBuildFile; fileRef = E4662E8C2AC95A27008B535D /* HTTPHeaders.swift */; };
		E4662E922AC9668A008B535D /* Data.swift in Sources */ = {isa = PBXBuildFile; fileRef = E4662E912AC9668A008B535D /* Data.swift */; };
		E4662E952AC968F1008B535D /* AlertKit in Frameworks */ = {isa = PBXBuildFile; productRef = E4662E942AC968F1008B535D /* AlertKit */; };
		E49A98A12D394380003527B8 /* Constant.swift in Sources */ = {isa = PBXBuildFile; fileRef = E49A989F2D394326003527B8 /* Constant.swift */; };
		E49A98A22D394380003527B8 /* Constant.swift in Sources */ = {isa = PBXBuildFile; fileRef = E49A989F2D394326003527B8 /* Constant.swift */; };
		E4AEE6652AD18390006B96EA /* HTTP.swift in Sources */ = {isa = PBXBuildFile; fileRef = E4AEE6642AD18390006B96EA /* HTTP.swift */; };
		E4C5C84A2ABBEA8E006F8797 /* ProfileView.swift in Sources */ = {isa = PBXBuildFile; fileRef = E4C5C8492ABBEA8E006F8797 /* ProfileView.swift */; };
		E4C5C84E2ABBEB9C006F8797 /* Binding.swift in Sources */ = {isa = PBXBuildFile; fileRef = E4C5C84D2ABBEB9C006F8797 /* Binding.swift */; };
/* End PBXBuildFile section */

/* Begin PBXContainerItemProxy section */
		E425B8ED2ABC27E500776F46 /* PBXContainerItemProxy */ = {
			isa = PBXContainerItemProxy;
			containerPortal = E42FB92D2ABB2D2200670B6C /* Project object */;
			proxyType = 1;
			remoteGlobalIDString = E425B8E32ABC27E500776F46;
			remoteInfo = PacketTunnel;
		};
/* End PBXContainerItemProxy section */

/* Begin PBXCopyFilesBuildPhase section */
		E425B8F02ABC27E500776F46 /* Embed Foundation Extensions */ = {
			isa = PBXCopyFilesBuildPhase;
			buildActionMask = 2147483647;
			dstPath = "";
			dstSubfolderSpec = 13;
			files = (
				E425B8EF2ABC27E500776F46 /* PacketTunnel.appex in Embed Foundation Extensions */,
			);
			name = "Embed Foundation Extensions";
			runOnlyForDeploymentPostprocessing = 0;
		};
/* End PBXCopyFilesBuildPhase section */

/* Begin PBXFileReference section */
		E419B8E12AC97267003353A5 /* Info.plist */ = {isa = PBXFileReference; lastKnownFileType = text.plist; path = Info.plist; sourceTree = "<group>"; };
		E419B8E22AC97872003353A5 /* LICENSE */ = {isa = PBXFileReference; lastKnownFileType = text; path = LICENSE; sourceTree = "<group>"; };
		E419B8E32AC978AB003353A5 /* README.md */ = {isa = PBXFileReference; lastKnownFileType = net.daringfireball.markdown; path = README.md; sourceTree = "<group>"; };
		E425B8D12ABC035200776F46 /* DataOperation.swift */ = {isa = PBXFileReference; lastKnownFileType = sourcecode.swift; path = DataOperation.swift; sourceTree = "<group>"; };
		E425B8E42ABC27E500776F46 /* PacketTunnel.appex */ = {isa = PBXFileReference; explicitFileType = "wrapper.app-extension"; includeInIndex = 0; path = PacketTunnel.appex; sourceTree = BUILT_PRODUCTS_DIR; };
		E425B8E62ABC27E500776F46 /* NetworkExtension.framework */ = {isa = PBXFileReference; lastKnownFileType = wrapper.framework; name = NetworkExtension.framework; path = System/Library/Frameworks/NetworkExtension.framework; sourceTree = SDKROOT; };
		E425B8E92ABC27E500776F46 /* PacketTunnelProvider.swift */ = {isa = PBXFileReference; lastKnownFileType = sourcecode.swift; path = PacketTunnelProvider.swift; sourceTree = "<group>"; };
		E425B8EB2ABC27E500776F46 /* Info.plist */ = {isa = PBXFileReference; lastKnownFileType = text.plist.xml; path = Info.plist; sourceTree = "<group>"; };
		E425B8EC2ABC27E500776F46 /* PacketTunnel.entitlements */ = {isa = PBXFileReference; lastKnownFileType = text.plist.entitlements; path = PacketTunnel.entitlements; sourceTree = "<group>"; };
		E427B1172AC1BD7500F2D715 /* Profile.swift */ = {isa = PBXFileReference; lastKnownFileType = sourcecode.swift; path = Profile.swift; sourceTree = "<group>"; };
		E42FB9352ABB2D2200670B6C /* Mudmouth.app */ = {isa = PBXFileReference; explicitFileType = wrapper.application; includeInIndex = 0; path = Mudmouth.app; sourceTree = BUILT_PRODUCTS_DIR; };
		E42FB9382ABB2D2200670B6C /* MudmouthApp.swift */ = {isa = PBXFileReference; lastKnownFileType = sourcecode.swift; path = MudmouthApp.swift; sourceTree = "<group>"; };
		E42FB93A2ABB2D2200670B6C /* Persistence.swift */ = {isa = PBXFileReference; lastKnownFileType = sourcecode.swift; path = Persistence.swift; sourceTree = "<group>"; };
		E42FB93D2ABB2D2200670B6C /* Mudmouth.xcdatamodel */ = {isa = PBXFileReference; lastKnownFileType = wrapper.xcdatamodel; path = Mudmouth.xcdatamodel; sourceTree = "<group>"; };
		E42FB93F2ABB2D2200670B6C /* ContentView.swift */ = {isa = PBXFileReference; lastKnownFileType = sourcecode.swift; path = ContentView.swift; sourceTree = "<group>"; };
		E42FB9412ABB2D2400670B6C /* Assets.xcassets */ = {isa = PBXFileReference; lastKnownFileType = folder.assetcatalog; path = Assets.xcassets; sourceTree = "<group>"; };
		E42FB9432ABB2D2400670B6C /* Mudmouth.entitlements */ = {isa = PBXFileReference; lastKnownFileType = text.plist.entitlements; path = Mudmouth.entitlements; sourceTree = "<group>"; };
		E42FB9452ABB2D2400670B6C /* Preview Assets.xcassets */ = {isa = PBXFileReference; lastKnownFileType = folder.assetcatalog; path = "Preview Assets.xcassets"; sourceTree = "<group>"; };
		E4662E532AC5C362008B535D /* CertificateView.swift */ = {isa = PBXFileReference; lastKnownFileType = sourcecode.swift; path = CertificateView.swift; sourceTree = "<group>"; };
		E4662E5D2AC6EC13008B535D /* Certificate.swift */ = {isa = PBXFileReference; lastKnownFileType = sourcecode.swift; path = Certificate.swift; sourceTree = "<group>"; };
		E4662E5F2AC6EE10008B535D /* String.swift */ = {isa = PBXFileReference; lastKnownFileType = sourcecode.swift; path = String.swift; sourceTree = "<group>"; };
		E4662E632AC71DBA008B535D /* CertificateServer.swift */ = {isa = PBXFileReference; lastKnownFileType = sourcecode.swift; path = CertificateServer.swift; sourceTree = "<group>"; };
		E4662E652AC72676008B535D /* VPN.swift */ = {isa = PBXFileReference; lastKnownFileType = sourcecode.swift; path = VPN.swift; sourceTree = "<group>"; };
		E4662E672AC7270E008B535D /* Notification.swift */ = {isa = PBXFileReference; lastKnownFileType = sourcecode.swift; path = Notification.swift; sourceTree = "<group>"; };
		E4662E6A2AC72C1D008B535D /* Server.swift */ = {isa = PBXFileReference; lastKnownFileType = sourcecode.swift; path = Server.swift; sourceTree = "<group>"; };
		E4662E882AC867DC008B535D /* Notification.swift */ = {isa = PBXFileReference; lastKnownFileType = sourcecode.swift; path = Notification.swift; sourceTree = "<group>"; };
		E4662E8C2AC95A27008B535D /* HTTPHeaders.swift */ = {isa = PBXFileReference; lastKnownFileType = sourcecode.swift; path = HTTPHeaders.swift; sourceTree = "<group>"; };
		E4662E912AC9668A008B535D /* Data.swift */ = {isa = PBXFileReference; lastKnownFileType = sourcecode.swift; path = Data.swift; sourceTree = "<group>"; };
		E49A989F2D394326003527B8 /* Constant.swift */ = {isa = PBXFileReference; lastKnownFileType = sourcecode.swift; path = Constant.swift; sourceTree = "<group>"; };
		E4AEE6642AD18390006B96EA /* HTTP.swift */ = {isa = PBXFileReference; lastKnownFileType = sourcecode.swift; path = HTTP.swift; sourceTree = "<group>"; };
		E4C5C8492ABBEA8E006F8797 /* ProfileView.swift */ = {isa = PBXFileReference; fileEncoding = 4; lastKnownFileType = sourcecode.swift; path = ProfileView.swift; sourceTree = "<group>"; };
		E4C5C84D2ABBEB9C006F8797 /* Binding.swift */ = {isa = PBXFileReference; lastKnownFileType = sourcecode.swift; path = Binding.swift; sourceTree = "<group>"; };
/* End PBXFileReference section */

/* Begin PBXFrameworksBuildPhase section */
		E425B8E12ABC27E500776F46 /* Frameworks */ = {
			isa = PBXFrameworksBuildPhase;
			buildActionMask = 2147483647;
			files = (
				E4662E842AC80FA0008B535D /* NIOSSL in Frameworks */,
				E427B1252AC1E0A200F2D715 /* NIOPosix in Frameworks */,
				E425B8E72ABC27E500776F46 /* NetworkExtension.framework in Frameworks */,
				E427B11F2AC1DC1900F2D715 /* NIOHTTP1 in Frameworks */,
				E427B1232AC1E09B00F2D715 /* NIOCore in Frameworks */,
			);
			runOnlyForDeploymentPostprocessing = 0;
		};
		E42FB9322ABB2D2200670B6C /* Frameworks */ = {
			isa = PBXFrameworksBuildPhase;
			buildActionMask = 2147483647;
			files = (
				E4662E952AC968F1008B535D /* AlertKit in Frameworks */,
				E4662E622AC71D5C008B535D /* NIOHTTP1 in Frameworks */,
				E4662E5A2AC5D568008B535D /* X509 in Frameworks */,
				E427B11D2AC1DC1900F2D715 /* NIO in Frameworks */,
			);
			runOnlyForDeploymentPostprocessing = 0;
		};
/* End PBXFrameworksBuildPhase section */

/* Begin PBXGroup section */
		E425B8E52ABC27E500776F46 /* Frameworks */ = {
			isa = PBXGroup;
			children = (
				E425B8E62ABC27E500776F46 /* NetworkExtension.framework */,
			);
			name = Frameworks;
			sourceTree = "<group>";
		};
		E425B8E82ABC27E500776F46 /* PacketTunnel */ = {
			isa = PBXGroup;
			children = (
				E4AEE6632AD18386006B96EA /* Models */,
				E4662E692AC72C12008B535D /* Utils */,
				E425B8E92ABC27E500776F46 /* PacketTunnelProvider.swift */,
				E425B8EB2ABC27E500776F46 /* Info.plist */,
				E425B8EC2ABC27E500776F46 /* PacketTunnel.entitlements */,
			);
			path = PacketTunnel;
			sourceTree = "<group>";
		};
		E42FB92C2ABB2D2200670B6C = {
			isa = PBXGroup;
			children = (
				E49A989E2D394322003527B8 /* Shared */,
				E42FB9372ABB2D2200670B6C /* Mudmouth */,
				E425B8E82ABC27E500776F46 /* PacketTunnel */,
				E425B8E52ABC27E500776F46 /* Frameworks */,
				E419B8E32AC978AB003353A5 /* README.md */,
				E419B8E22AC97872003353A5 /* LICENSE */,
				E42FB9362ABB2D2200670B6C /* Products */,
			);
			sourceTree = "<group>";
		};
		E42FB9362ABB2D2200670B6C /* Products */ = {
			isa = PBXGroup;
			children = (
				E42FB9352ABB2D2200670B6C /* Mudmouth.app */,
				E425B8E42ABC27E500776F46 /* PacketTunnel.appex */,
			);
			name = Products;
			sourceTree = "<group>";
		};
		E42FB9372ABB2D2200670B6C /* Mudmouth */ = {
			isa = PBXGroup;
			children = (
				E4C5C83A2ABB4B51006F8797 /* Models */,
				E4662E5C2AC6EC06008B535D /* Utils */,
				E42FB9382ABB2D2200670B6C /* MudmouthApp.swift */,
				E42FB93A2ABB2D2200670B6C /* Persistence.swift */,
				E42FB93F2ABB2D2200670B6C /* ContentView.swift */,
				E4C5C8492ABBEA8E006F8797 /* ProfileView.swift */,
				E4662E532AC5C362008B535D /* CertificateView.swift */,
				E42FB9412ABB2D2400670B6C /* Assets.xcassets */,
				E419B8E12AC97267003353A5 /* Info.plist */,
				E42FB9432ABB2D2400670B6C /* Mudmouth.entitlements */,
				E42FB93C2ABB2D2200670B6C /* Mudmouth.xcdatamodeld */,
				E42FB9442ABB2D2400670B6C /* Preview Content */,
			);
			path = Mudmouth;
			sourceTree = "<group>";
		};
		E42FB9442ABB2D2400670B6C /* Preview Content */ = {
			isa = PBXGroup;
			children = (
				E42FB9452ABB2D2400670B6C /* Preview Assets.xcassets */,
			);
			path = "Preview Content";
			sourceTree = "<group>";
		};
		E4662E5C2AC6EC06008B535D /* Utils */ = {
			isa = PBXGroup;
			children = (
				E4C5C84D2ABBEB9C006F8797 /* Binding.swift */,
				E4662E5D2AC6EC13008B535D /* Certificate.swift */,
				E4662E632AC71DBA008B535D /* CertificateServer.swift */,
				E4662E912AC9668A008B535D /* Data.swift */,
				E4662E672AC7270E008B535D /* Notification.swift */,
				E4662E5F2AC6EE10008B535D /* String.swift */,
				E4662E652AC72676008B535D /* VPN.swift */,
			);
			path = Utils;
			sourceTree = "<group>";
		};
		E4662E692AC72C12008B535D /* Utils */ = {
			isa = PBXGroup;
			children = (
				E4662E8C2AC95A27008B535D /* HTTPHeaders.swift */,
				E4662E882AC867DC008B535D /* Notification.swift */,
				E4662E6A2AC72C1D008B535D /* Server.swift */,
			);
			path = Utils;
			sourceTree = "<group>";
		};
		E49A989E2D394322003527B8 /* Shared */ = {
			isa = PBXGroup;
			children = (
				E49A98A02D39432B003527B8 /* Models */,
			);
			path = Shared;
			sourceTree = "<group>";
		};
		E49A98A02D39432B003527B8 /* Models */ = {
			isa = PBXGroup;
			children = (
				E49A989F2D394326003527B8 /* Constant.swift */,
			);
			path = Models;
			sourceTree = "<group>";
		};
		E4AEE6632AD18386006B96EA /* Models */ = {
			isa = PBXGroup;
			children = (
				E4AEE6642AD18390006B96EA /* HTTP.swift */,
			);
			path = Models;
			sourceTree = "<group>";
		};
		E4C5C83A2ABB4B51006F8797 /* Models */ = {
			isa = PBXGroup;
			children = (
				E425B8D12ABC035200776F46 /* DataOperation.swift */,
				E427B1172AC1BD7500F2D715 /* Profile.swift */,
			);
			path = Models;
			sourceTree = "<group>";
		};
/* End PBXGroup section */

/* Begin PBXNativeTarget section */
		E425B8E32ABC27E500776F46 /* PacketTunnel */ = {
			isa = PBXNativeTarget;
			buildConfigurationList = E425B8F32ABC27E500776F46 /* Build configuration list for PBXNativeTarget "PacketTunnel" */;
			buildPhases = (
				E425B8E02ABC27E500776F46 /* Sources */,
				E425B8E12ABC27E500776F46 /* Frameworks */,
				E425B8E22ABC27E500776F46 /* Resources */,
			);
			buildRules = (
			);
			dependencies = (
			);
			name = PacketTunnel;
			packageProductDependencies = (
				E427B11E2AC1DC1900F2D715 /* NIOHTTP1 */,
				E427B1222AC1E09B00F2D715 /* NIOCore */,
				E427B1242AC1E0A200F2D715 /* NIOPosix */,
				E4662E832AC80FA0008B535D /* NIOSSL */,
			);
			productName = PacketTunnel;
			productReference = E425B8E42ABC27E500776F46 /* PacketTunnel.appex */;
			productType = "com.apple.product-type.app-extension";
		};
		E42FB9342ABB2D2200670B6C /* Mudmouth */ = {
			isa = PBXNativeTarget;
			buildConfigurationList = E42FB9492ABB2D2400670B6C /* Build configuration list for PBXNativeTarget "Mudmouth" */;
			buildPhases = (
				E42FB9312ABB2D2200670B6C /* Sources */,
				E42FB9322ABB2D2200670B6C /* Frameworks */,
				E42FB9332ABB2D2200670B6C /* Resources */,
				E425B8F02ABC27E500776F46 /* Embed Foundation Extensions */,
			);
			buildRules = (
			);
			dependencies = (
				E425B8EE2ABC27E500776F46 /* PBXTargetDependency */,
			);
			name = Mudmouth;
			packageProductDependencies = (
				E427B11C2AC1DC1900F2D715 /* NIO */,
				E4662E592AC5D568008B535D /* X509 */,
				E4662E612AC71D5C008B535D /* NIOHTTP1 */,
				E4662E942AC968F1008B535D /* AlertKit */,
			);
			productName = Mudmouth;
			productReference = E42FB9352ABB2D2200670B6C /* Mudmouth.app */;
			productType = "com.apple.product-type.application";
		};
/* End PBXNativeTarget section */

/* Begin PBXProject section */
		E42FB92D2ABB2D2200670B6C /* Project object */ = {
			isa = PBXProject;
			attributes = {
				BuildIndependentTargetsInParallel = 1;
				LastSwiftUpdateCheck = 1430;
				LastUpgradeCheck = 1620;
				TargetAttributes = {
					E425B8E32ABC27E500776F46 = {
						CreatedOnToolsVersion = 14.3.1;
					};
					E42FB9342ABB2D2200670B6C = {
						CreatedOnToolsVersion = 14.3.1;
					};
				};
			};
			buildConfigurationList = E42FB9302ABB2D2200670B6C /* Build configuration list for PBXProject "Mudmouth" */;
			compatibilityVersion = "Xcode 14.0";
			developmentRegion = en;
			hasScannedForEncodings = 0;
			knownRegions = (
				en,
				Base,
			);
			mainGroup = E42FB92C2ABB2D2200670B6C;
			packageReferences = (
				E427B11B2AC1DC1800F2D715 /* XCRemoteSwiftPackageReference "swift-nio" */,
				E4662E582AC5D568008B535D /* XCRemoteSwiftPackageReference "swift-certificates" */,
				E4662E6C2AC7F762008B535D /* XCRemoteSwiftPackageReference "swift-nio-ssl" */,
				E4662E932AC968F1008B535D /* XCRemoteSwiftPackageReference "AlertKit" */,
			);
			productRefGroup = E42FB9362ABB2D2200670B6C /* Products */;
			projectDirPath = "";
			projectRoot = "";
			targets = (
				E42FB9342ABB2D2200670B6C /* Mudmouth */,
				E425B8E32ABC27E500776F46 /* PacketTunnel */,
			);
		};
/* End PBXProject section */

/* Begin PBXResourcesBuildPhase section */
		E425B8E22ABC27E500776F46 /* Resources */ = {
			isa = PBXResourcesBuildPhase;
			buildActionMask = 2147483647;
			files = (
			);
			runOnlyForDeploymentPostprocessing = 0;
		};
		E42FB9332ABB2D2200670B6C /* Resources */ = {
			isa = PBXResourcesBuildPhase;
			buildActionMask = 2147483647;
			files = (
				E42FB9462ABB2D2400670B6C /* Preview Assets.xcassets in Resources */,
				E42FB9422ABB2D2400670B6C /* Assets.xcassets in Resources */,
			);
			runOnlyForDeploymentPostprocessing = 0;
		};
/* End PBXResourcesBuildPhase section */

/* Begin PBXSourcesBuildPhase section */
		E425B8E02ABC27E500776F46 /* Sources */ = {
			isa = PBXSourcesBuildPhase;
			buildActionMask = 2147483647;
			files = (
				E4AEE6652AD18390006B96EA /* HTTP.swift in Sources */,
				E4662E8D2AC95A27008B535D /* HTTPHeaders.swift in Sources */,
				E425B8EA2ABC27E500776F46 /* PacketTunnelProvider.swift in Sources */,
				E4662E6B2AC72C1D008B535D /* Server.swift in Sources */,
				E4662E892AC867DC008B535D /* Notification.swift in Sources */,
				E49A98A22D394380003527B8 /* Constant.swift in Sources */,
			);
			runOnlyForDeploymentPostprocessing = 0;
		};
		E42FB9312ABB2D2200670B6C /* Sources */ = {
			isa = PBXSourcesBuildPhase;
			buildActionMask = 2147483647;
			files = (
				E42FB9392ABB2D2200670B6C /* MudmouthApp.swift in Sources */,
				E42FB93E2ABB2D2200670B6C /* Mudmouth.xcdatamodeld in Sources */,
				E4662E662AC72676008B535D /* VPN.swift in Sources */,
				E42FB9402ABB2D2200670B6C /* ContentView.swift in Sources */,
				E4C5C84E2ABBEB9C006F8797 /* Binding.swift in Sources */,
				E4662E542AC5C362008B535D /* CertificateView.swift in Sources */,
				E4662E642AC71DBA008B535D /* CertificateServer.swift in Sources */,
				E425B8D22ABC035200776F46 /* DataOperation.swift in Sources */,
				E4662E602AC6EE10008B535D /* String.swift in Sources */,
				E4662E5E2AC6EC13008B535D /* Certificate.swift in Sources */,
				E49A98A12D394380003527B8 /* Constant.swift in Sources */,
				E4662E682AC7270E008B535D /* Notification.swift in Sources */,
				E4662E922AC9668A008B535D /* Data.swift in Sources */,
				E4C5C84A2ABBEA8E006F8797 /* ProfileView.swift in Sources */,
				E427B1182AC1BD7500F2D715 /* Profile.swift in Sources */,
				E42FB93B2ABB2D2200670B6C /* Persistence.swift in Sources */,
			);
			runOnlyForDeploymentPostprocessing = 0;
		};
/* End PBXSourcesBuildPhase section */

/* Begin PBXTargetDependency section */
		E425B8EE2ABC27E500776F46 /* PBXTargetDependency */ = {
			isa = PBXTargetDependency;
			target = E425B8E32ABC27E500776F46 /* PacketTunnel */;
			targetProxy = E425B8ED2ABC27E500776F46 /* PBXContainerItemProxy */;
		};
/* End PBXTargetDependency section */

/* Begin XCBuildConfiguration section */
		E425B8F12ABC27E500776F46 /* Debug */ = {
			isa = XCBuildConfiguration;
			buildSettings = {
				CODE_SIGN_ENTITLEMENTS = PacketTunnel/PacketTunnel.entitlements;
				CODE_SIGN_STYLE = Automatic;
				CURRENT_PROJECT_VERSION = 8;
				DEVELOPMENT_TEAM = PSXQUH2HR6;
				GENERATE_INFOPLIST_FILE = YES;
				INFOPLIST_FILE = PacketTunnel/Info.plist;
				INFOPLIST_KEY_CFBundleDisplayName = PacketTunnel;
				INFOPLIST_KEY_NSHumanReadableCopyright = "";
				IPHONEOS_DEPLOYMENT_TARGET = 15.0;
				LD_RUNPATH_SEARCH_PATHS = (
					"$(inherited)",
					"@executable_path/Frameworks",
					"@executable_path/../../Frameworks",
				);
				MARKETING_VERSION = 0.1.0;
				PRODUCT_BUNDLE_IDENTIFIER = name.sketch.Mudmouth.PacketTunnel;
				PRODUCT_NAME = "$(TARGET_NAME)";
				SDKROOT = iphoneos;
				SKIP_INSTALL = YES;
				SWIFT_EMIT_LOC_STRINGS = YES;
				SWIFT_VERSION = 5.0;
				TARGETED_DEVICE_FAMILY = "1,2";
			};
			name = Debug;
		};
		E425B8F22ABC27E500776F46 /* Release */ = {
			isa = XCBuildConfiguration;
			buildSettings = {
				CODE_SIGN_ENTITLEMENTS = PacketTunnel/PacketTunnel.entitlements;
				CODE_SIGN_STYLE = Automatic;
				CURRENT_PROJECT_VERSION = 8;
				DEVELOPMENT_TEAM = PSXQUH2HR6;
				GENERATE_INFOPLIST_FILE = YES;
				INFOPLIST_FILE = PacketTunnel/Info.plist;
				INFOPLIST_KEY_CFBundleDisplayName = PacketTunnel;
				INFOPLIST_KEY_NSHumanReadableCopyright = "";
				IPHONEOS_DEPLOYMENT_TARGET = 15.0;
				LD_RUNPATH_SEARCH_PATHS = (
					"$(inherited)",
					"@executable_path/Frameworks",
					"@executable_path/../../Frameworks",
				);
				MARKETING_VERSION = 0.1.0;
				PRODUCT_BUNDLE_IDENTIFIER = name.sketch.Mudmouth.PacketTunnel;
				PRODUCT_NAME = "$(TARGET_NAME)";
				SDKROOT = iphoneos;
				SKIP_INSTALL = YES;
				SWIFT_EMIT_LOC_STRINGS = YES;
				SWIFT_VERSION = 5.0;
				TARGETED_DEVICE_FAMILY = "1,2";
				VALIDATE_PRODUCT = YES;
			};
			name = Release;
		};
		E42FB9472ABB2D2400670B6C /* Debug */ = {
			isa = XCBuildConfiguration;
			buildSettings = {
				ALWAYS_SEARCH_USER_PATHS = NO;
				CLANG_ANALYZER_NONNULL = YES;
				CLANG_ANALYZER_NUMBER_OBJECT_CONVERSION = YES_AGGRESSIVE;
				CLANG_CXX_LANGUAGE_STANDARD = "gnu++20";
				CLANG_ENABLE_MODULES = YES;
				CLANG_ENABLE_OBJC_ARC = YES;
				CLANG_ENABLE_OBJC_WEAK = YES;
				CLANG_WARN_BLOCK_CAPTURE_AUTORELEASING = YES;
				CLANG_WARN_BOOL_CONVERSION = YES;
				CLANG_WARN_COMMA = YES;
				CLANG_WARN_CONSTANT_CONVERSION = YES;
				CLANG_WARN_DEPRECATED_OBJC_IMPLEMENTATIONS = YES;
				CLANG_WARN_DIRECT_OBJC_ISA_USAGE = YES_ERROR;
				CLANG_WARN_DOCUMENTATION_COMMENTS = YES;
				CLANG_WARN_EMPTY_BODY = YES;
				CLANG_WARN_ENUM_CONVERSION = YES;
				CLANG_WARN_INFINITE_RECURSION = YES;
				CLANG_WARN_INT_CONVERSION = YES;
				CLANG_WARN_NON_LITERAL_NULL_CONVERSION = YES;
				CLANG_WARN_OBJC_IMPLICIT_RETAIN_SELF = YES;
				CLANG_WARN_OBJC_LITERAL_CONVERSION = YES;
				CLANG_WARN_OBJC_ROOT_CLASS = YES_ERROR;
				CLANG_WARN_QUOTED_INCLUDE_IN_FRAMEWORK_HEADER = YES;
				CLANG_WARN_RANGE_LOOP_ANALYSIS = YES;
				CLANG_WARN_STRICT_PROTOTYPES = YES;
				CLANG_WARN_SUSPICIOUS_MOVE = YES;
				CLANG_WARN_UNGUARDED_AVAILABILITY = YES_AGGRESSIVE;
				CLANG_WARN_UNREACHABLE_CODE = YES;
				CLANG_WARN__DUPLICATE_METHOD_MATCH = YES;
				COPY_PHASE_STRIP = NO;
				DEAD_CODE_STRIPPING = YES;
				DEBUG_INFORMATION_FORMAT = dwarf;
				ENABLE_STRICT_OBJC_MSGSEND = YES;
				ENABLE_TESTABILITY = YES;
				ENABLE_USER_SCRIPT_SANDBOXING = YES;
				GCC_C_LANGUAGE_STANDARD = gnu11;
				GCC_DYNAMIC_NO_PIC = NO;
				GCC_NO_COMMON_BLOCKS = YES;
				GCC_OPTIMIZATION_LEVEL = 0;
				GCC_PREPROCESSOR_DEFINITIONS = (
					"DEBUG=1",
					"$(inherited)",
				);
				GCC_WARN_64_TO_32_BIT_CONVERSION = YES;
				GCC_WARN_ABOUT_RETURN_TYPE = YES_ERROR;
				GCC_WARN_UNDECLARED_SELECTOR = YES;
				GCC_WARN_UNINITIALIZED_AUTOS = YES_AGGRESSIVE;
				GCC_WARN_UNUSED_FUNCTION = YES;
				GCC_WARN_UNUSED_VARIABLE = YES;
				MTL_ENABLE_DEBUG_INFO = INCLUDE_SOURCE;
				MTL_FAST_MATH = YES;
				ONLY_ACTIVE_ARCH = YES;
				SWIFT_ACTIVE_COMPILATION_CONDITIONS = DEBUG;
				SWIFT_OPTIMIZATION_LEVEL = "-Onone";
			};
			name = Debug;
		};
		E42FB9482ABB2D2400670B6C /* Release */ = {
			isa = XCBuildConfiguration;
			buildSettings = {
				ALWAYS_SEARCH_USER_PATHS = NO;
				CLANG_ANALYZER_NONNULL = YES;
				CLANG_ANALYZER_NUMBER_OBJECT_CONVERSION = YES_AGGRESSIVE;
				CLANG_CXX_LANGUAGE_STANDARD = "gnu++20";
				CLANG_ENABLE_MODULES = YES;
				CLANG_ENABLE_OBJC_ARC = YES;
				CLANG_ENABLE_OBJC_WEAK = YES;
				CLANG_WARN_BLOCK_CAPTURE_AUTORELEASING = YES;
				CLANG_WARN_BOOL_CONVERSION = YES;
				CLANG_WARN_COMMA = YES;
				CLANG_WARN_CONSTANT_CONVERSION = YES;
				CLANG_WARN_DEPRECATED_OBJC_IMPLEMENTATIONS = YES;
				CLANG_WARN_DIRECT_OBJC_ISA_USAGE = YES_ERROR;
				CLANG_WARN_DOCUMENTATION_COMMENTS = YES;
				CLANG_WARN_EMPTY_BODY = YES;
				CLANG_WARN_ENUM_CONVERSION = YES;
				CLANG_WARN_INFINITE_RECURSION = YES;
				CLANG_WARN_INT_CONVERSION = YES;
				CLANG_WARN_NON_LITERAL_NULL_CONVERSION = YES;
				CLANG_WARN_OBJC_IMPLICIT_RETAIN_SELF = YES;
				CLANG_WARN_OBJC_LITERAL_CONVERSION = YES;
				CLANG_WARN_OBJC_ROOT_CLASS = YES_ERROR;
				CLANG_WARN_QUOTED_INCLUDE_IN_FRAMEWORK_HEADER = YES;
				CLANG_WARN_RANGE_LOOP_ANALYSIS = YES;
				CLANG_WARN_STRICT_PROTOTYPES = YES;
				CLANG_WARN_SUSPICIOUS_MOVE = YES;
				CLANG_WARN_UNGUARDED_AVAILABILITY = YES_AGGRESSIVE;
				CLANG_WARN_UNREACHABLE_CODE = YES;
				CLANG_WARN__DUPLICATE_METHOD_MATCH = YES;
				COPY_PHASE_STRIP = NO;
				DEAD_CODE_STRIPPING = YES;
				DEBUG_INFORMATION_FORMAT = "dwarf-with-dsym";
				ENABLE_NS_ASSERTIONS = NO;
				ENABLE_STRICT_OBJC_MSGSEND = YES;
				ENABLE_USER_SCRIPT_SANDBOXING = YES;
				GCC_C_LANGUAGE_STANDARD = gnu11;
				GCC_NO_COMMON_BLOCKS = YES;
				GCC_WARN_64_TO_32_BIT_CONVERSION = YES;
				GCC_WARN_ABOUT_RETURN_TYPE = YES_ERROR;
				GCC_WARN_UNDECLARED_SELECTOR = YES;
				GCC_WARN_UNINITIALIZED_AUTOS = YES_AGGRESSIVE;
				GCC_WARN_UNUSED_FUNCTION = YES;
				GCC_WARN_UNUSED_VARIABLE = YES;
				MTL_ENABLE_DEBUG_INFO = NO;
				MTL_FAST_MATH = YES;
				SWIFT_COMPILATION_MODE = wholemodule;
				SWIFT_OPTIMIZATION_LEVEL = "-O";
			};
			name = Release;
		};
		E42FB94A2ABB2D2400670B6C /* Debug */ = {
			isa = XCBuildConfiguration;
			buildSettings = {
				ASSETCATALOG_COMPILER_APPICON_NAME = AppIcon;
				ASSETCATALOG_COMPILER_GLOBAL_ACCENT_COLOR_NAME = AccentColor;
				CODE_SIGN_ENTITLEMENTS = Mudmouth/Mudmouth.entitlements;
				CODE_SIGN_STYLE = Automatic;
				CURRENT_PROJECT_VERSION = 8;
				DEAD_CODE_STRIPPING = YES;
				DEVELOPMENT_ASSET_PATHS = "\"Mudmouth/Preview Content\"";
				DEVELOPMENT_TEAM = PSXQUH2HR6;
				ENABLE_HARDENED_RUNTIME = YES;
				ENABLE_PREVIEWS = YES;
				GENERATE_INFOPLIST_FILE = YES;
				INFOPLIST_FILE = Mudmouth/Info.plist;
				"INFOPLIST_KEY_UIApplicationSceneManifest_Generation[sdk=iphoneos*]" = YES;
				"INFOPLIST_KEY_UIApplicationSceneManifest_Generation[sdk=iphonesimulator*]" = YES;
				"INFOPLIST_KEY_UIApplicationSupportsIndirectInputEvents[sdk=iphoneos*]" = YES;
				"INFOPLIST_KEY_UIApplicationSupportsIndirectInputEvents[sdk=iphonesimulator*]" = YES;
				"INFOPLIST_KEY_UILaunchScreen_Generation[sdk=iphoneos*]" = YES;
				"INFOPLIST_KEY_UILaunchScreen_Generation[sdk=iphonesimulator*]" = YES;
				"INFOPLIST_KEY_UIStatusBarStyle[sdk=iphoneos*]" = UIStatusBarStyleDefault;
				"INFOPLIST_KEY_UIStatusBarStyle[sdk=iphonesimulator*]" = UIStatusBarStyleDefault;
				INFOPLIST_KEY_UISupportedInterfaceOrientations = UIInterfaceOrientationPortrait;
				INFOPLIST_KEY_UISupportedInterfaceOrientations_iPad = "UIInterfaceOrientationLandscapeLeft UIInterfaceOrientationLandscapeRight UIInterfaceOrientationPortrait UIInterfaceOrientationPortraitUpsideDown";
				IPHONEOS_DEPLOYMENT_TARGET = 15.0;
				LD_RUNPATH_SEARCH_PATHS = "@executable_path/Frameworks";
				"LD_RUNPATH_SEARCH_PATHS[sdk=macosx*]" = "@executable_path/../Frameworks";
				MACOSX_DEPLOYMENT_TARGET = 13.3;
				MARKETING_VERSION = 0.1.0;
				PRODUCT_BUNDLE_IDENTIFIER = name.sketch.Mudmouth;
				PRODUCT_NAME = "$(TARGET_NAME)";
				SDKROOT = auto;
				SUPPORTED_PLATFORMS = "iphoneos iphonesimulator";
				SUPPORTS_MACCATALYST = NO;
				SUPPORTS_MAC_DESIGNED_FOR_IPHONE_IPAD = NO;
				SWIFT_EMIT_LOC_STRINGS = YES;
				SWIFT_VERSION = 5.0;
				TARGETED_DEVICE_FAMILY = "1,2";
			};
			name = Debug;
		};
		E42FB94B2ABB2D2400670B6C /* Release */ = {
			isa = XCBuildConfiguration;
			buildSettings = {
				ASSETCATALOG_COMPILER_APPICON_NAME = AppIcon;
				ASSETCATALOG_COMPILER_GLOBAL_ACCENT_COLOR_NAME = AccentColor;
				CODE_SIGN_ENTITLEMENTS = Mudmouth/Mudmouth.entitlements;
				CODE_SIGN_STYLE = Automatic;
				CURRENT_PROJECT_VERSION = 8;
				DEAD_CODE_STRIPPING = YES;
				DEVELOPMENT_ASSET_PATHS = "\"Mudmouth/Preview Content\"";
				DEVELOPMENT_TEAM = PSXQUH2HR6;
				ENABLE_HARDENED_RUNTIME = YES;
				ENABLE_PREVIEWS = YES;
				GENERATE_INFOPLIST_FILE = YES;
				INFOPLIST_FILE = Mudmouth/Info.plist;
				"INFOPLIST_KEY_UIApplicationSceneManifest_Generation[sdk=iphoneos*]" = YES;
				"INFOPLIST_KEY_UIApplicationSceneManifest_Generation[sdk=iphonesimulator*]" = YES;
				"INFOPLIST_KEY_UIApplicationSupportsIndirectInputEvents[sdk=iphoneos*]" = YES;
				"INFOPLIST_KEY_UIApplicationSupportsIndirectInputEvents[sdk=iphonesimulator*]" = YES;
				"INFOPLIST_KEY_UILaunchScreen_Generation[sdk=iphoneos*]" = YES;
				"INFOPLIST_KEY_UILaunchScreen_Generation[sdk=iphonesimulator*]" = YES;
				"INFOPLIST_KEY_UIStatusBarStyle[sdk=iphoneos*]" = UIStatusBarStyleDefault;
				"INFOPLIST_KEY_UIStatusBarStyle[sdk=iphonesimulator*]" = UIStatusBarStyleDefault;
				INFOPLIST_KEY_UISupportedInterfaceOrientations = UIInterfaceOrientationPortrait;
				INFOPLIST_KEY_UISupportedInterfaceOrientations_iPad = "UIInterfaceOrientationLandscapeLeft UIInterfaceOrientationLandscapeRight UIInterfaceOrientationPortrait UIInterfaceOrientationPortraitUpsideDown";
				IPHONEOS_DEPLOYMENT_TARGET = 15.0;
				LD_RUNPATH_SEARCH_PATHS = "@executable_path/Frameworks";
				"LD_RUNPATH_SEARCH_PATHS[sdk=macosx*]" = "@executable_path/../Frameworks";
				MACOSX_DEPLOYMENT_TARGET = 13.3;
				MARKETING_VERSION = 0.1.0;
				PRODUCT_BUNDLE_IDENTIFIER = name.sketch.Mudmouth;
				PRODUCT_NAME = "$(TARGET_NAME)";
				SDKROOT = auto;
				SUPPORTED_PLATFORMS = "iphoneos iphonesimulator";
				SUPPORTS_MACCATALYST = NO;
				SUPPORTS_MAC_DESIGNED_FOR_IPHONE_IPAD = NO;
				SWIFT_EMIT_LOC_STRINGS = YES;
				SWIFT_VERSION = 5.0;
				TARGETED_DEVICE_FAMILY = "1,2";
			};
			name = Release;
		};
/* End XCBuildConfiguration section */

/* Begin XCConfigurationList section */
		E425B8F32ABC27E500776F46 /* Build configuration list for PBXNativeTarget "PacketTunnel" */ = {
			isa = XCConfigurationList;
			buildConfigurations = (
				E425B8F12ABC27E500776F46 /* Debug */,
				E425B8F22ABC27E500776F46 /* Release */,
			);
			defaultConfigurationIsVisible = 0;
			defaultConfigurationName = Release;
		};
		E42FB9302ABB2D2200670B6C /* Build configuration list for PBXProject "Mudmouth" */ = {
			isa = XCConfigurationList;
			buildConfigurations = (
				E42FB9472ABB2D2400670B6C /* Debug */,
				E42FB9482ABB2D2400670B6C /* Release */,
			);
			defaultConfigurationIsVisible = 0;
			defaultConfigurationName = Release;
		};
		E42FB9492ABB2D2400670B6C /* Build configuration list for PBXNativeTarget "Mudmouth" */ = {
			isa = XCConfigurationList;
			buildConfigurations = (
				E42FB94A2ABB2D2400670B6C /* Debug */,
				E42FB94B2ABB2D2400670B6C /* Release */,
			);
			defaultConfigurationIsVisible = 0;
			defaultConfigurationName = Release;
		};
/* End XCConfigurationList section */

/* Begin XCRemoteSwiftPackageReference section */
		E427B11B2AC1DC1800F2D715 /* XCRemoteSwiftPackageReference "swift-nio" */ = {
			isa = XCRemoteSwiftPackageReference;
			repositoryURL = "https://github.com/apple/swift-nio.git";
			requirement = {
				kind = upToNextMajorVersion;
				minimumVersion = 2.0.0;
			};
		};
		E4662E582AC5D568008B535D /* XCRemoteSwiftPackageReference "swift-certificates" */ = {
			isa = XCRemoteSwiftPackageReference;
			repositoryURL = "https://github.com/apple/swift-certificates";
			requirement = {
				kind = upToNextMajorVersion;
				minimumVersion = 1.0.0;
			};
		};
		E4662E6C2AC7F762008B535D /* XCRemoteSwiftPackageReference "swift-nio-ssl" */ = {
			isa = XCRemoteSwiftPackageReference;
			repositoryURL = "https://github.com/apple/swift-nio-ssl";
			requirement = {
				kind = upToNextMajorVersion;
				minimumVersion = 2.0.0;
			};
		};
		E4662E932AC968F1008B535D /* XCRemoteSwiftPackageReference "AlertKit" */ = {
			isa = XCRemoteSwiftPackageReference;
			repositoryURL = "https://github.com/sparrowcode/AlertKit";
			requirement = {
				kind = upToNextMajorVersion;
				minimumVersion = 5.0.0;
			};
		};
/* End XCRemoteSwiftPackageReference section */

/* Begin XCSwiftPackageProductDependency section */
		E427B11C2AC1DC1900F2D715 /* NIO */ = {
			isa = XCSwiftPackageProductDependency;
			package = E427B11B2AC1DC1800F2D715 /* XCRemoteSwiftPackageReference "swift-nio" */;
			productName = NIO;
		};
		E427B11E2AC1DC1900F2D715 /* NIOHTTP1 */ = {
			isa = XCSwiftPackageProductDependency;
			package = E427B11B2AC1DC1800F2D715 /* XCRemoteSwiftPackageReference "swift-nio" */;
			productName = NIOHTTP1;
		};
		E427B1222AC1E09B00F2D715 /* NIOCore */ = {
			isa = XCSwiftPackageProductDependency;
			package = E427B11B2AC1DC1800F2D715 /* XCRemoteSwiftPackageReference "swift-nio" */;
			productName = NIOCore;
		};
		E427B1242AC1E0A200F2D715 /* NIOPosix */ = {
			isa = XCSwiftPackageProductDependency;
			package = E427B11B2AC1DC1800F2D715 /* XCRemoteSwiftPackageReference "swift-nio" */;
			productName = NIOPosix;
		};
		E4662E592AC5D568008B535D /* X509 */ = {
			isa = XCSwiftPackageProductDependency;
			package = E4662E582AC5D568008B535D /* XCRemoteSwiftPackageReference "swift-certificates" */;
			productName = X509;
		};
		E4662E612AC71D5C008B535D /* NIOHTTP1 */ = {
			isa = XCSwiftPackageProductDependency;
			package = E427B11B2AC1DC1800F2D715 /* XCRemoteSwiftPackageReference "swift-nio" */;
			productName = NIOHTTP1;
		};
		E4662E832AC80FA0008B535D /* NIOSSL */ = {
			isa = XCSwiftPackageProductDependency;
			package = E4662E6C2AC7F762008B535D /* XCRemoteSwiftPackageReference "swift-nio-ssl" */;
			productName = NIOSSL;
		};
		E4662E942AC968F1008B535D /* AlertKit */ = {
			isa = XCSwiftPackageProductDependency;
			package = E4662E932AC968F1008B535D /* XCRemoteSwiftPackageReference "AlertKit" */;
			productName = AlertKit;
		};
/* End XCSwiftPackageProductDependency section */

/* Begin XCVersionGroup section */
		E42FB93C2ABB2D2200670B6C /* Mudmouth.xcdatamodeld */ = {
			isa = XCVersionGroup;
			children = (
				E42FB93D2ABB2D2200670B6C /* Mudmouth.xcdatamodel */,
			);
			currentVersion = E42FB93D2ABB2D2200670B6C /* Mudmouth.xcdatamodel */;
			path = Mudmouth.xcdatamodeld;
			sourceTree = "<group>";
			versionGroupType = wrapper.xcdatamodel;
		};
/* End XCVersionGroup section */
	};
	rootObject = E42FB92D2ABB2D2200670B6C /* Project object */;
}
