// !$*UTF8*$!
{
	archiveVersion = 1;
	classes = {
	};
	objectVersion = 56;
	objects = {

/* Begin PBXBuildFile section */
		E425B8D22ABC035200776F46 /* DataOperation.swift in Sources */ = {isa = PBXBuildFile; fileRef = E425B8D12ABC035200776F46 /* DataOperation.swift */; };
		E42FB9392ABB2D2200670B6C /* MudmouthApp.swift in Sources */ = {isa = PBXBuildFile; fileRef = E42FB9382ABB2D2200670B6C /* MudmouthApp.swift */; };
		E42FB93B2ABB2D2200670B6C /* Persistence.swift in Sources */ = {isa = PBXBuildFile; fileRef = E42FB93A2ABB2D2200670B6C /* Persistence.swift */; };
		E42FB93E2ABB2D2200670B6C /* Mudmouth.xcdatamodeld in Sources */ = {isa = PBXBuildFile; fileRef = E42FB93C2ABB2D2200670B6C /* Mudmouth.xcdatamodeld */; };
		E42FB9402ABB2D2200670B6C /* ContentView.swift in Sources */ = {isa = PBXBuildFile; fileRef = E42FB93F2ABB2D2200670B6C /* ContentView.swift */; };
		E42FB9422ABB2D2400670B6C /* Assets.xcassets in Resources */ = {isa = PBXBuildFile; fileRef = E42FB9412ABB2D2400670B6C /* Assets.xcassets */; };
		E42FB9462ABB2D2400670B6C /* Preview Assets.xcassets in Resources */ = {isa = PBXBuildFile; fileRef = E42FB9452ABB2D2400670B6C /* Preview Assets.xcassets */; };
		E4C5C83C2ABB4B5F006F8797 /* Action.swift in Sources */ = {isa = PBXBuildFile; fileRef = E4C5C83B2ABB4B5F006F8797 /* Action.swift */; };
		E4C5C84A2ABBEA8E006F8797 /* ProfileView.swift in Sources */ = {isa = PBXBuildFile; fileRef = E4C5C8492ABBEA8E006F8797 /* ProfileView.swift */; };
		E4C5C84E2ABBEB9C006F8797 /* Binding.swift in Sources */ = {isa = PBXBuildFile; fileRef = E4C5C84D2ABBEB9C006F8797 /* Binding.swift */; };
/* End PBXBuildFile section */

/* Begin PBXFileReference section */
		E425B8D12ABC035200776F46 /* DataOperation.swift */ = {isa = PBXFileReference; lastKnownFileType = sourcecode.swift; path = DataOperation.swift; sourceTree = "<group>"; };
		E42FB9352ABB2D2200670B6C /* Mudmouth.app */ = {isa = PBXFileReference; explicitFileType = wrapper.application; includeInIndex = 0; path = Mudmouth.app; sourceTree = BUILT_PRODUCTS_DIR; };
		E42FB9382ABB2D2200670B6C /* MudmouthApp.swift */ = {isa = PBXFileReference; lastKnownFileType = sourcecode.swift; path = MudmouthApp.swift; sourceTree = "<group>"; };
		E42FB93A2ABB2D2200670B6C /* Persistence.swift */ = {isa = PBXFileReference; lastKnownFileType = sourcecode.swift; path = Persistence.swift; sourceTree = "<group>"; };
		E42FB93D2ABB2D2200670B6C /* Mudmouth.xcdatamodel */ = {isa = PBXFileReference; lastKnownFileType = wrapper.xcdatamodel; path = Mudmouth.xcdatamodel; sourceTree = "<group>"; };
		E42FB93F2ABB2D2200670B6C /* ContentView.swift */ = {isa = PBXFileReference; lastKnownFileType = sourcecode.swift; path = ContentView.swift; sourceTree = "<group>"; };
		E42FB9412ABB2D2400670B6C /* Assets.xcassets */ = {isa = PBXFileReference; lastKnownFileType = folder.assetcatalog; path = Assets.xcassets; sourceTree = "<group>"; };
		E42FB9432ABB2D2400670B6C /* Mudmouth.entitlements */ = {isa = PBXFileReference; lastKnownFileType = text.plist.entitlements; path = Mudmouth.entitlements; sourceTree = "<group>"; };
		E42FB9452ABB2D2400670B6C /* Preview Assets.xcassets */ = {isa = PBXFileReference; lastKnownFileType = folder.assetcatalog; path = "Preview Assets.xcassets"; sourceTree = "<group>"; };
		E4C5C83B2ABB4B5F006F8797 /* Action.swift */ = {isa = PBXFileReference; lastKnownFileType = sourcecode.swift; path = Action.swift; sourceTree = "<group>"; };
		E4C5C8492ABBEA8E006F8797 /* ProfileView.swift */ = {isa = PBXFileReference; fileEncoding = 4; lastKnownFileType = sourcecode.swift; path = ProfileView.swift; sourceTree = "<group>"; };
		E4C5C84D2ABBEB9C006F8797 /* Binding.swift */ = {isa = PBXFileReference; lastKnownFileType = sourcecode.swift; path = Binding.swift; sourceTree = "<group>"; };
/* End PBXFileReference section */

/* Begin PBXFrameworksBuildPhase section */
		E42FB9322ABB2D2200670B6C /* Frameworks */ = {
			isa = PBXFrameworksBuildPhase;
			buildActionMask = 2147483647;
			files = (
			);
			runOnlyForDeploymentPostprocessing = 0;
		};
/* End PBXFrameworksBuildPhase section */

/* Begin PBXGroup section */
		E42FB92C2ABB2D2200670B6C = {
			isa = PBXGroup;
			children = (
				E42FB9372ABB2D2200670B6C /* Mudmouth */,
				E42FB9362ABB2D2200670B6C /* Products */,
			);
			sourceTree = "<group>";
		};
		E42FB9362ABB2D2200670B6C /* Products */ = {
			isa = PBXGroup;
			children = (
				E42FB9352ABB2D2200670B6C /* Mudmouth.app */,
			);
			name = Products;
			sourceTree = "<group>";
		};
		E42FB9372ABB2D2200670B6C /* Mudmouth */ = {
			isa = PBXGroup;
			children = (
				E4C5C83A2ABB4B51006F8797 /* Models */,
				E42FB9382ABB2D2200670B6C /* MudmouthApp.swift */,
				E42FB93A2ABB2D2200670B6C /* Persistence.swift */,
				E42FB93F2ABB2D2200670B6C /* ContentView.swift */,
				E4C5C8492ABBEA8E006F8797 /* ProfileView.swift */,
				E42FB9412ABB2D2400670B6C /* Assets.xcassets */,
				E42FB9432ABB2D2400670B6C /* Mudmouth.entitlements */,
				E42FB93C2ABB2D2200670B6C /* Mudmouth.xcdatamodeld */,
				E42FB9442ABB2D2400670B6C /* Preview Content */,
			);
			path = Mudmouth;
			sourceTree = "<group>";
		};
		E42FB9442ABB2D2400670B6C /* Preview Content */ = {
			isa = PBXGroup;
			children = (
				E42FB9452ABB2D2400670B6C /* Preview Assets.xcassets */,
			);
			path = "Preview Content";
			sourceTree = "<group>";
		};
		E4C5C83A2ABB4B51006F8797 /* Models */ = {
			isa = PBXGroup;
			children = (
				E4C5C83B2ABB4B5F006F8797 /* Action.swift */,
				E4C5C84D2ABBEB9C006F8797 /* Binding.swift */,
				E425B8D12ABC035200776F46 /* DataOperation.swift */,
			);
			path = Models;
			sourceTree = "<group>";
		};
/* End PBXGroup section */

/* Begin PBXNativeTarget section */
		E42FB9342ABB2D2200670B6C /* Mudmouth */ = {
			isa = PBXNativeTarget;
			buildConfigurationList = E42FB9492ABB2D2400670B6C /* Build configuration list for PBXNativeTarget "Mudmouth" */;
			buildPhases = (
				E42FB9312ABB2D2200670B6C /* Sources */,
				E42FB9322ABB2D2200670B6C /* Frameworks */,
				E42FB9332ABB2D2200670B6C /* Resources */,
			);
			buildRules = (
			);
			dependencies = (
			);
			name = Mudmouth;
			productName = Mudmouth;
			productReference = E42FB9352ABB2D2200670B6C /* Mudmouth.app */;
			productType = "com.apple.product-type.application";
		};
/* End PBXNativeTarget section */

/* Begin PBXProject section */
		E42FB92D2ABB2D2200670B6C /* Project object */ = {
			isa = PBXProject;
			attributes = {
				BuildIndependentTargetsInParallel = 1;
				LastSwiftUpdateCheck = 1430;
				LastUpgradeCheck = 1430;
				TargetAttributes = {
					E42FB9342ABB2D2200670B6C = {
						CreatedOnToolsVersion = 14.3.1;
					};
				};
			};
			buildConfigurationList = E42FB9302ABB2D2200670B6C /* Build configuration list for PBXProject "Mudmouth" */;
			compatibilityVersion = "Xcode 14.0";
			developmentRegion = en;
			hasScannedForEncodings = 0;
			knownRegions = (
				en,
				Base,
			);
			mainGroup = E42FB92C2ABB2D2200670B6C;
			productRefGroup = E42FB9362ABB2D2200670B6C /* Products */;
			projectDirPath = "";
			projectRoot = "";
			targets = (
				E42FB9342ABB2D2200670B6C /* Mudmouth */,
			);
		};
/* End PBXProject section */

/* Begin PBXResourcesBuildPhase section */
		E42FB9332ABB2D2200670B6C /* Resources */ = {
			isa = PBXResourcesBuildPhase;
			buildActionMask = 2147483647;
			files = (
				E42FB9462ABB2D2400670B6C /* Preview Assets.xcassets in Resources */,
				E42FB9422ABB2D2400670B6C /* Assets.xcassets in Resources */,
			);
			runOnlyForDeploymentPostprocessing = 0;
		};
/* End PBXResourcesBuildPhase section */

/* Begin PBXSourcesBuildPhase section */
		E42FB9312ABB2D2200670B6C /* Sources */ = {
			isa = PBXSourcesBuildPhase;
			buildActionMask = 2147483647;
			files = (
				E42FB9392ABB2D2200670B6C /* MudmouthApp.swift in Sources */,
				E42FB93E2ABB2D2200670B6C /* Mudmouth.xcdatamodeld in Sources */,
				E42FB9402ABB2D2200670B6C /* ContentView.swift in Sources */,
				E4C5C84E2ABBEB9C006F8797 /* Binding.swift in Sources */,
				E425B8D22ABC035200776F46 /* DataOperation.swift in Sources */,
				E4C5C83C2ABB4B5F006F8797 /* Action.swift in Sources */,
				E4C5C84A2ABBEA8E006F8797 /* ProfileView.swift in Sources */,
				E42FB93B2ABB2D2200670B6C /* Persistence.swift in Sources */,
			);
			runOnlyForDeploymentPostprocessing = 0;
		};
/* End PBXSourcesBuildPhase section */

/* Begin XCBuildConfiguration section */
		E42FB9472ABB2D2400670B6C /* Debug */ = {
			isa = XCBuildConfiguration;
			buildSettings = {
				ALWAYS_SEARCH_USER_PATHS = NO;
				CLANG_ANALYZER_NONNULL = YES;
				CLANG_ANALYZER_NUMBER_OBJECT_CONVERSION = YES_AGGRESSIVE;
				CLANG_CXX_LANGUAGE_STANDARD = "gnu++20";
				CLANG_ENABLE_MODULES = YES;
				CLANG_ENABLE_OBJC_ARC = YES;
				CLANG_ENABLE_OBJC_WEAK = YES;
				CLANG_WARN_BLOCK_CAPTURE_AUTORELEASING = YES;
				CLANG_WARN_BOOL_CONVERSION = YES;
				CLANG_WARN_COMMA = YES;
				CLANG_WARN_CONSTANT_CONVERSION = YES;
				CLANG_WARN_DEPRECATED_OBJC_IMPLEMENTATIONS = YES;
				CLANG_WARN_DIRECT_OBJC_ISA_USAGE = YES_ERROR;
				CLANG_WARN_DOCUMENTATION_COMMENTS = YES;
				CLANG_WARN_EMPTY_BODY = YES;
				CLANG_WARN_ENUM_CONVERSION = YES;
				CLANG_WARN_INFINITE_RECURSION = YES;
				CLANG_WARN_INT_CONVERSION = YES;
				CLANG_WARN_NON_LITERAL_NULL_CONVERSION = YES;
				CLANG_WARN_OBJC_IMPLICIT_RETAIN_SELF = YES;
				CLANG_WARN_OBJC_LITERAL_CONVERSION = YES;
				CLANG_WARN_OBJC_ROOT_CLASS = YES_ERROR;
				CLANG_WARN_QUOTED_INCLUDE_IN_FRAMEWORK_HEADER = YES;
				CLANG_WARN_RANGE_LOOP_ANALYSIS = YES;
				CLANG_WARN_STRICT_PROTOTYPES = YES;
				CLANG_WARN_SUSPICIOUS_MOVE = YES;
				CLANG_WARN_UNGUARDED_AVAILABILITY = YES_AGGRESSIVE;
				CLANG_WARN_UNREACHABLE_CODE = YES;
				CLANG_WARN__DUPLICATE_METHOD_MATCH = YES;
				COPY_PHASE_STRIP = NO;
				DEBUG_INFORMATION_FORMAT = dwarf;
				ENABLE_STRICT_OBJC_MSGSEND = YES;
				ENABLE_TESTABILITY = YES;
				GCC_C_LANGUAGE_STANDARD = gnu11;
				GCC_DYNAMIC_NO_PIC = NO;
				GCC_NO_COMMON_BLOCKS = YES;
				GCC_OPTIMIZATION_LEVEL = 0;
				GCC_PREPROCESSOR_DEFINITIONS = (
					"DEBUG=1",
					"$(inherited)",
				);
				GCC_WARN_64_TO_32_BIT_CONVERSION = YES;
				GCC_WARN_ABOUT_RETURN_TYPE = YES_ERROR;
				GCC_WARN_UNDECLARED_SELECTOR = YES;
				GCC_WARN_UNINITIALIZED_AUTOS = YES_AGGRESSIVE;
				GCC_WARN_UNUSED_FUNCTION = YES;
				GCC_WARN_UNUSED_VARIABLE = YES;
				MTL_ENABLE_DEBUG_INFO = INCLUDE_SOURCE;
				MTL_FAST_MATH = YES;
				ONLY_ACTIVE_ARCH = YES;
				SWIFT_ACTIVE_COMPILATION_CONDITIONS = DEBUG;
				SWIFT_OPTIMIZATION_LEVEL = "-Onone";
			};
			name = Debug;
		};
		E42FB9482ABB2D2400670B6C /* Release */ = {
			isa = XCBuildConfiguration;
			buildSettings = {
				ALWAYS_SEARCH_USER_PATHS = NO;
				CLANG_ANALYZER_NONNULL = YES;
				CLANG_ANALYZER_NUMBER_OBJECT_CONVERSION = YES_AGGRESSIVE;
				CLANG_CXX_LANGUAGE_STANDARD = "gnu++20";
				CLANG_ENABLE_MODULES = YES;
				CLANG_ENABLE_OBJC_ARC = YES;
				CLANG_ENABLE_OBJC_WEAK = YES;
				CLANG_WARN_BLOCK_CAPTURE_AUTORELEASING = YES;
				CLANG_WARN_BOOL_CONVERSION = YES;
				CLANG_WARN_COMMA = YES;
				CLANG_WARN_CONSTANT_CONVERSION = YES;
				CLANG_WARN_DEPRECATED_OBJC_IMPLEMENTATIONS = YES;
				CLANG_WARN_DIRECT_OBJC_ISA_USAGE = YES_ERROR;
				CLANG_WARN_DOCUMENTATION_COMMENTS = YES;
				CLANG_WARN_EMPTY_BODY = YES;
				CLANG_WARN_ENUM_CONVERSION = YES;
				CLANG_WARN_INFINITE_RECURSION = YES;
				CLANG_WARN_INT_CONVERSION = YES;
				CLANG_WARN_NON_LITERAL_NULL_CONVERSION = YES;
				CLANG_WARN_OBJC_IMPLICIT_RETAIN_SELF = YES;
				CLANG_WARN_OBJC_LITERAL_CONVERSION = YES;
				CLANG_WARN_OBJC_ROOT_CLASS = YES_ERROR;
				CLANG_WARN_QUOTED_INCLUDE_IN_FRAMEWORK_HEADER = YES;
				CLANG_WARN_RANGE_LOOP_ANALYSIS = YES;
				CLANG_WARN_STRICT_PROTOTYPES = YES;
				CLANG_WARN_SUSPICIOUS_MOVE = YES;
				CLANG_WARN_UNGUARDED_AVAILABILITY = YES_AGGRESSIVE;
				CLANG_WARN_UNREACHABLE_CODE = YES;
				CLANG_WARN__DUPLICATE_METHOD_MATCH = YES;
				COPY_PHASE_STRIP = NO;
				DEBUG_INFORMATION_FORMAT = "dwarf-with-dsym";
				ENABLE_NS_ASSERTIONS = NO;
				ENABLE_STRICT_OBJC_MSGSEND = YES;
				GCC_C_LANGUAGE_STANDARD = gnu11;
				GCC_NO_COMMON_BLOCKS = YES;
				GCC_WARN_64_TO_32_BIT_CONVERSION = YES;
				GCC_WARN_ABOUT_RETURN_TYPE = YES_ERROR;
				GCC_WARN_UNDECLARED_SELECTOR = YES;
				GCC_WARN_UNINITIALIZED_AUTOS = YES_AGGRESSIVE;
				GCC_WARN_UNUSED_FUNCTION = YES;
				GCC_WARN_UNUSED_VARIABLE = YES;
				MTL_ENABLE_DEBUG_INFO = NO;
				MTL_FAST_MATH = YES;
				SWIFT_COMPILATION_MODE = wholemodule;
				SWIFT_OPTIMIZATION_LEVEL = "-O";
			};
			name = Release;
		};
		E42FB94A2ABB2D2400670B6C /* Debug */ = {
			isa = XCBuildConfiguration;
			buildSettings = {
				ASSETCATALOG_COMPILER_APPICON_NAME = AppIcon;
				ASSETCATALOG_COMPILER_GLOBAL_ACCENT_COLOR_NAME = AccentColor;
				CODE_SIGN_ENTITLEMENTS = Mudmouth/Mudmouth.entitlements;
				CODE_SIGN_STYLE = Automatic;
				CURRENT_PROJECT_VERSION = 1;
				DEVELOPMENT_ASSET_PATHS = "\"Mudmouth/Preview Content\"";
				DEVELOPMENT_TEAM = PSXQUH2HR6;
				ENABLE_HARDENED_RUNTIME = YES;
				ENABLE_PREVIEWS = YES;
				GENERATE_INFOPLIST_FILE = YES;
				"INFOPLIST_KEY_UIApplicationSceneManifest_Generation[sdk=iphoneos*]" = YES;
				"INFOPLIST_KEY_UIApplicationSceneManifest_Generation[sdk=iphonesimulator*]" = YES;
				"INFOPLIST_KEY_UIApplicationSupportsIndirectInputEvents[sdk=iphoneos*]" = YES;
				"INFOPLIST_KEY_UIApplicationSupportsIndirectInputEvents[sdk=iphonesimulator*]" = YES;
				"INFOPLIST_KEY_UILaunchScreen_Generation[sdk=iphoneos*]" = YES;
				"INFOPLIST_KEY_UILaunchScreen_Generation[sdk=iphonesimulator*]" = YES;
				"INFOPLIST_KEY_UIStatusBarStyle[sdk=iphoneos*]" = UIStatusBarStyleDefault;
				"INFOPLIST_KEY_UIStatusBarStyle[sdk=iphonesimulator*]" = UIStatusBarStyleDefault;
				INFOPLIST_KEY_UISupportedInterfaceOrientations_iPad = "UIInterfaceOrientationPortrait UIInterfaceOrientationPortraitUpsideDown UIInterfaceOrientationLandscapeLeft UIInterfaceOrientationLandscapeRight";
				INFOPLIST_KEY_UISupportedInterfaceOrientations_iPhone = "UIInterfaceOrientationPortrait UIInterfaceOrientationLandscapeLeft UIInterfaceOrientationLandscapeRight";
				IPHONEOS_DEPLOYMENT_TARGET = 16.4;
				LD_RUNPATH_SEARCH_PATHS = "@executable_path/Frameworks";
				"LD_RUNPATH_SEARCH_PATHS[sdk=macosx*]" = "@executable_path/../Frameworks";
				MACOSX_DEPLOYMENT_TARGET = 13.3;
				MARKETING_VERSION = 1.0;
				PRODUCT_BUNDLE_IDENTIFIER = name.sketch.Mudmouth;
				PRODUCT_NAME = "$(TARGET_NAME)";
				SDKROOT = auto;
				SUPPORTED_PLATFORMS = "iphoneos iphonesimulator";
				SUPPORTS_MACCATALYST = NO;
				SUPPORTS_MAC_DESIGNED_FOR_IPHONE_IPAD = NO;
				SWIFT_EMIT_LOC_STRINGS = YES;
				SWIFT_VERSION = 5.0;
				TARGETED_DEVICE_FAMILY = "1,2";
			};
			name = Debug;
		};
		E42FB94B2ABB2D2400670B6C /* Release */ = {
			isa = XCBuildConfiguration;
			buildSettings = {
				ASSETCATALOG_COMPILER_APPICON_NAME = AppIcon;
				ASSETCATALOG_COMPILER_GLOBAL_ACCENT_COLOR_NAME = AccentColor;
				CODE_SIGN_ENTITLEMENTS = Mudmouth/Mudmouth.entitlements;
				CODE_SIGN_STYLE = Automatic;
				CURRENT_PROJECT_VERSION = 1;
				DEVELOPMENT_ASSET_PATHS = "\"Mudmouth/Preview Content\"";
				DEVELOPMENT_TEAM = PSXQUH2HR6;
				ENABLE_HARDENED_RUNTIME = YES;
				ENABLE_PREVIEWS = YES;
				GENERATE_INFOPLIST_FILE = YES;
				"INFOPLIST_KEY_UIApplicationSceneManifest_Generation[sdk=iphoneos*]" = YES;
				"INFOPLIST_KEY_UIApplicationSceneManifest_Generation[sdk=iphonesimulator*]" = YES;
				"INFOPLIST_KEY_UIApplicationSupportsIndirectInputEvents[sdk=iphoneos*]" = YES;
				"INFOPLIST_KEY_UIApplicationSupportsIndirectInputEvents[sdk=iphonesimulator*]" = YES;
				"INFOPLIST_KEY_UILaunchScreen_Generation[sdk=iphoneos*]" = YES;
				"INFOPLIST_KEY_UILaunchScreen_Generation[sdk=iphonesimulator*]" = YES;
				"INFOPLIST_KEY_UIStatusBarStyle[sdk=iphoneos*]" = UIStatusBarStyleDefault;
				"INFOPLIST_KEY_UIStatusBarStyle[sdk=iphonesimulator*]" = UIStatusBarStyleDefault;
				INFOPLIST_KEY_UISupportedInterfaceOrientations_iPad = "UIInterfaceOrientationPortrait UIInterfaceOrientationPortraitUpsideDown UIInterfaceOrientationLandscapeLeft UIInterfaceOrientationLandscapeRight";
				INFOPLIST_KEY_UISupportedInterfaceOrientations_iPhone = "UIInterfaceOrientationPortrait UIInterfaceOrientationLandscapeLeft UIInterfaceOrientationLandscapeRight";
				IPHONEOS_DEPLOYMENT_TARGET = 16.4;
				LD_RUNPATH_SEARCH_PATHS = "@executable_path/Frameworks";
				"LD_RUNPATH_SEARCH_PATHS[sdk=macosx*]" = "@executable_path/../Frameworks";
				MACOSX_DEPLOYMENT_TARGET = 13.3;
				MARKETING_VERSION = 1.0;
				PRODUCT_BUNDLE_IDENTIFIER = name.sketch.Mudmouth;
				PRODUCT_NAME = "$(TARGET_NAME)";
				SDKROOT = auto;
				SUPPORTED_PLATFORMS = "iphoneos iphonesimulator";
				SUPPORTS_MACCATALYST = NO;
				SUPPORTS_MAC_DESIGNED_FOR_IPHONE_IPAD = NO;
				SWIFT_EMIT_LOC_STRINGS = YES;
				SWIFT_VERSION = 5.0;
				TARGETED_DEVICE_FAMILY = "1,2";
			};
			name = Release;
		};
/* End XCBuildConfiguration section */

/* Begin XCConfigurationList section */
		E42FB9302ABB2D2200670B6C /* Build configuration list for PBXProject "Mudmouth" */ = {
			isa = XCConfigurationList;
			buildConfigurations = (
				E42FB9472ABB2D2400670B6C /* Debug */,
				E42FB9482ABB2D2400670B6C /* Release */,
			);
			defaultConfigurationIsVisible = 0;
			defaultConfigurationName = Release;
		};
		E42FB9492ABB2D2400670B6C /* Build configuration list for PBXNativeTarget "Mudmouth" */ = {
			isa = XCConfigurationList;
			buildConfigurations = (
				E42FB94A2ABB2D2400670B6C /* Debug */,
				E42FB94B2ABB2D2400670B6C /* Release */,
			);
			defaultConfigurationIsVisible = 0;
			defaultConfigurationName = Release;
		};
/* End XCConfigurationList section */

/* Begin XCVersionGroup section */
		E42FB93C2ABB2D2200670B6C /* Mudmouth.xcdatamodeld */ = {
			isa = XCVersionGroup;
			children = (
				E42FB93D2ABB2D2200670B6C /* Mudmouth.xcdatamodel */,
			);
			currentVersion = E42FB93D2ABB2D2200670B6C /* Mudmouth.xcdatamodel */;
			path = Mudmouth.xcdatamodeld;
			sourceTree = "<group>";
			versionGroupType = wrapper.xcdatamodel;
		};
/* End XCVersionGroup section */
	};
	rootObject = E42FB92D2ABB2D2200670B6C /* Project object */;
}
